// !$*UTF8*$!
{
	archiveVersion = 1;
	classes = {
	};
	objectVersion = 46;
	objects = {

/* Begin PBXBuildFile section */
		4F2E0BC91D1C4C190079ECAE /* AppDelegate.swift in Sources */ = {isa = PBXBuildFile; fileRef = 4F2E0BC81D1C4C190079ECAE /* AppDelegate.swift */; };
		4F2E0BCB1D1C4C190079ECAE /* ViewController.swift in Sources */ = {isa = PBXBuildFile; fileRef = 4F2E0BCA1D1C4C190079ECAE /* ViewController.swift */; };
		4F2E0BCE1D1C4C190079ECAE /* Main.storyboard in Resources */ = {isa = PBXBuildFile; fileRef = 4F2E0BCC1D1C4C190079ECAE /* Main.storyboard */; };
		4F2E0BD11D1C4C190079ECAE /* MultApp.xcdatamodeld in Sources */ = {isa = PBXBuildFile; fileRef = 4F2E0BCF1D1C4C190079ECAE /* MultApp.xcdatamodeld */; };
		4F2E0BD31D1C4C190079ECAE /* Assets.xcassets in Resources */ = {isa = PBXBuildFile; fileRef = 4F2E0BD21D1C4C190079ECAE /* Assets.xcassets */; };
		4F2E0BD61D1C4C190079ECAE /* LaunchScreen.storyboard in Resources */ = {isa = PBXBuildFile; fileRef = 4F2E0BD41D1C4C190079ECAE /* LaunchScreen.storyboard */; };
		4F2E0BE11D1C4C190079ECAE /* MultAppTests.swift in Sources */ = {isa = PBXBuildFile; fileRef = 4F2E0BE01D1C4C190079ECAE /* MultAppTests.swift */; };
		4F2E0BEC1D1C4C190079ECAE /* MultAppUITests.swift in Sources */ = {isa = PBXBuildFile; fileRef = 4F2E0BEB1D1C4C190079ECAE /* MultAppUITests.swift */; };
/* End PBXBuildFile section */

/* Begin PBXContainerItemProxy section */
		4F2E0BDD1D1C4C190079ECAE /* PBXContainerItemProxy */ = {
			isa = PBXContainerItemProxy;
			containerPortal = 4F2E0BBD1D1C4C190079ECAE /* Project object */;
			proxyType = 1;
			remoteGlobalIDString = 4F2E0BC41D1C4C190079ECAE;
			remoteInfo = MultApp;
		};
		4F2E0BE81D1C4C190079ECAE /* PBXContainerItemProxy */ = {
			isa = PBXContainerItemProxy;
			containerPortal = 4F2E0BBD1D1C4C190079ECAE /* Project object */;
			proxyType = 1;
			remoteGlobalIDString = 4F2E0BC41D1C4C190079ECAE;
			remoteInfo = MultApp;
		};
/* End PBXContainerItemProxy section */

/* Begin PBXFileReference section */
		4F2E0BC51D1C4C190079ECAE /* MultApp.app */ = {isa = PBXFileReference; explicitFileType = wrapper.application; includeInIndex = 0; path = MultApp.app; sourceTree = BUILT_PRODUCTS_DIR; };
		4F2E0BC81D1C4C190079ECAE /* AppDelegate.swift */ = {isa = PBXFileReference; lastKnownFileType = sourcecode.swift; path = AppDelegate.swift; sourceTree = "<group>"; };
		4F2E0BCA1D1C4C190079ECAE /* ViewController.swift */ = {isa = PBXFileReference; lastKnownFileType = sourcecode.swift; path = ViewController.swift; sourceTree = "<group>"; };
		4F2E0BCD1D1C4C190079ECAE /* Base */ = {isa = PBXFileReference; lastKnownFileType = file.storyboard; name = Base; path = Base.lproj/Main.storyboard; sourceTree = "<group>"; };
		4F2E0BD01D1C4C190079ECAE /* MultApp.xcdatamodel */ = {isa = PBXFileReference; lastKnownFileType = wrapper.xcdatamodel; path = MultApp.xcdatamodel; sourceTree = "<group>"; };
		4F2E0BD21D1C4C190079ECAE /* Assets.xcassets */ = {isa = PBXFileReference; lastKnownFileType = folder.assetcatalog; path = Assets.xcassets; sourceTree = "<group>"; };
		4F2E0BD51D1C4C190079ECAE /* Base */ = {isa = PBXFileReference; lastKnownFileType = file.storyboard; name = Base; path = Base.lproj/LaunchScreen.storyboard; sourceTree = "<group>"; };
		4F2E0BD71D1C4C190079ECAE /* Info.plist */ = {isa = PBXFileReference; lastKnownFileType = text.plist.xml; path = Info.plist; sourceTree = "<group>"; };
		4F2E0BDC1D1C4C190079ECAE /* MultAppTests.xctest */ = {isa = PBXFileReference; explicitFileType = wrapper.cfbundle; includeInIndex = 0; path = MultAppTests.xctest; sourceTree = BUILT_PRODUCTS_DIR; };
		4F2E0BE01D1C4C190079ECAE /* MultAppTests.swift */ = {isa = PBXFileReference; lastKnownFileType = sourcecode.swift; path = MultAppTests.swift; sourceTree = "<group>"; };
		4F2E0BE21D1C4C190079ECAE /* Info.plist */ = {isa = PBXFileReference; lastKnownFileType = text.plist.xml; path = Info.plist; sourceTree = "<group>"; };
		4F2E0BE71D1C4C190079ECAE /* MultAppUITests.xctest */ = {isa = PBXFileReference; explicitFileType = wrapper.cfbundle; includeInIndex = 0; path = MultAppUITests.xctest; sourceTree = BUILT_PRODUCTS_DIR; };
		4F2E0BEB1D1C4C190079ECAE /* MultAppUITests.swift */ = {isa = PBXFileReference; lastKnownFileType = sourcecode.swift; path = MultAppUITests.swift; sourceTree = "<group>"; };
		4F2E0BED1D1C4C190079ECAE /* Info.plist */ = {isa = PBXFileReference; lastKnownFileType = text.plist.xml; path = Info.plist; sourceTree = "<group>"; };
/* End PBXFileReference section */

/* Begin PBXFrameworksBuildPhase section */
		4F2E0BC21D1C4C190079ECAE /* Frameworks */ = {
			isa = PBXFrameworksBuildPhase;
			buildActionMask = 2147483647;
			files = (
			);
			runOnlyForDeploymentPostprocessing = 0;
		};
		4F2E0BD91D1C4C190079ECAE /* Frameworks */ = {
			isa = PBXFrameworksBuildPhase;
			buildActionMask = 2147483647;
			files = (
			);
			runOnlyForDeploymentPostprocessing = 0;
		};
		4F2E0BE41D1C4C190079ECAE /* Frameworks */ = {
			isa = PBXFrameworksBuildPhase;
			buildActionMask = 2147483647;
			files = (
			);
			runOnlyForDeploymentPostprocessing = 0;
		};
/* End PBXFrameworksBuildPhase section */

/* Begin PBXGroup section */
		4F2E0BBC1D1C4C190079ECAE = {
			isa = PBXGroup;
			children = (
				4F2E0BC71D1C4C190079ECAE /* MultApp */,
				4F2E0BDF1D1C4C190079ECAE /* MultAppTests */,
				4F2E0BEA1D1C4C190079ECAE /* MultAppUITests */,
				4F2E0BC61D1C4C190079ECAE /* Products */,
			);
			sourceTree = "<group>";
		};
		4F2E0BC61D1C4C190079ECAE /* Products */ = {
			isa = PBXGroup;
			children = (
				4F2E0BC51D1C4C190079ECAE /* MultApp.app */,
				4F2E0BDC1D1C4C190079ECAE /* MultAppTests.xctest */,
				4F2E0BE71D1C4C190079ECAE /* MultAppUITests.xctest */,
			);
			name = Products;
			sourceTree = "<group>";
		};
		4F2E0BC71D1C4C190079ECAE /* MultApp */ = {
			isa = PBXGroup;
			children = (
				4F2E0BC81D1C4C190079ECAE /* AppDelegate.swift */,
				4F2E0BCA1D1C4C190079ECAE /* ViewController.swift */,
				4F2E0BCC1D1C4C190079ECAE /* Main.storyboard */,
				4F2E0BD21D1C4C190079ECAE /* Assets.xcassets */,
				4F2E0BD41D1C4C190079ECAE /* LaunchScreen.storyboard */,
				4F2E0BD71D1C4C190079ECAE /* Info.plist */,
				4F2E0BCF1D1C4C190079ECAE /* MultApp.xcdatamodeld */,
			);
			path = MultApp;
			sourceTree = "<group>";
		};
		4F2E0BDF1D1C4C190079ECAE /* MultAppTests */ = {
			isa = PBXGroup;
			children = (
				4F2E0BE01D1C4C190079ECAE /* MultAppTests.swift */,
				4F2E0BE21D1C4C190079ECAE /* Info.plist */,
			);
			path = MultAppTests;
			sourceTree = "<group>";
		};
		4F2E0BEA1D1C4C190079ECAE /* MultAppUITests */ = {
			isa = PBXGroup;
			children = (
				4F2E0BEB1D1C4C190079ECAE /* MultAppUITests.swift */,
				4F2E0BED1D1C4C190079ECAE /* Info.plist */,
			);
			path = MultAppUITests;
			sourceTree = "<group>";
		};
/* End PBXGroup section */

/* Begin PBXNativeTarget section */
		4F2E0BC41D1C4C190079ECAE /* MultApp */ = {
			isa = PBXNativeTarget;
			buildConfigurationList = 4F2E0BF01D1C4C190079ECAE /* Build configuration list for PBXNativeTarget "MultApp" */;
			buildPhases = (
				4F2E0BC11D1C4C190079ECAE /* Sources */,
				4F2E0BC21D1C4C190079ECAE /* Frameworks */,
				4F2E0BC31D1C4C190079ECAE /* Resources */,
			);
			buildRules = (
			);
			dependencies = (
			);
			name = MultApp;
			productName = MultApp;
			productReference = 4F2E0BC51D1C4C190079ECAE /* MultApp.app */;
			productType = "com.apple.product-type.application";
		};
		4F2E0BDB1D1C4C190079ECAE /* MultAppTests */ = {
			isa = PBXNativeTarget;
			buildConfigurationList = 4F2E0BF31D1C4C190079ECAE /* Build configuration list for PBXNativeTarget "MultAppTests" */;
			buildPhases = (
				4F2E0BD81D1C4C190079ECAE /* Sources */,
				4F2E0BD91D1C4C190079ECAE /* Frameworks */,
				4F2E0BDA1D1C4C190079ECAE /* Resources */,
			);
			buildRules = (
			);
			dependencies = (
				4F2E0BDE1D1C4C190079ECAE /* PBXTargetDependency */,
			);
			name = MultAppTests;
			productName = MultAppTests;
			productReference = 4F2E0BDC1D1C4C190079ECAE /* MultAppTests.xctest */;
			productType = "com.apple.product-type.bundle.unit-test";
		};
		4F2E0BE61D1C4C190079ECAE /* MultAppUITests */ = {
			isa = PBXNativeTarget;
			buildConfigurationList = 4F2E0BF61D1C4C190079ECAE /* Build configuration list for PBXNativeTarget "MultAppUITests" */;
			buildPhases = (
				4F2E0BE31D1C4C190079ECAE /* Sources */,
				4F2E0BE41D1C4C190079ECAE /* Frameworks */,
				4F2E0BE51D1C4C190079ECAE /* Resources */,
			);
			buildRules = (
			);
			dependencies = (
				4F2E0BE91D1C4C190079ECAE /* PBXTargetDependency */,
			);
			name = MultAppUITests;
			productName = MultAppUITests;
			productReference = 4F2E0BE71D1C4C190079ECAE /* MultAppUITests.xctest */;
			productType = "com.apple.product-type.bundle.ui-testing";
		};
/* End PBXNativeTarget section */

/* Begin PBXProject section */
		4F2E0BBD1D1C4C190079ECAE /* Project object */ = {
			isa = PBXProject;
			attributes = {
				LastSwiftUpdateCheck = 0730;
				LastUpgradeCheck = 0730;
				ORGANIZATIONNAME = "Paul Defilippi";
				TargetAttributes = {
					4F2E0BC41D1C4C190079ECAE = {
						CreatedOnToolsVersion = 7.3.1;
					};
					4F2E0BDB1D1C4C190079ECAE = {
						CreatedOnToolsVersion = 7.3.1;
						TestTargetID = 4F2E0BC41D1C4C190079ECAE;
					};
					4F2E0BE61D1C4C190079ECAE = {
						CreatedOnToolsVersion = 7.3.1;
						TestTargetID = 4F2E0BC41D1C4C190079ECAE;
					};
				};
			};
			buildConfigurationList = 4F2E0BC01D1C4C190079ECAE /* Build configuration list for PBXProject "MultApp" */;
			compatibilityVersion = "Xcode 3.2";
			developmentRegion = English;
			hasScannedForEncodings = 0;
			knownRegions = (
				en,
				Base,
			);
			mainGroup = 4F2E0BBC1D1C4C190079ECAE;
			productRefGroup = 4F2E0BC61D1C4C190079ECAE /* Products */;
			projectDirPath = "";
			projectRoot = "";
			targets = (
				4F2E0BC41D1C4C190079ECAE /* MultApp */,
				4F2E0BDB1D1C4C190079ECAE /* MultAppTests */,
				4F2E0BE61D1C4C190079ECAE /* MultAppUITests */,
			);
		};
/* End PBXProject section */

/* Begin PBXResourcesBuildPhase section */
		4F2E0BC31D1C4C190079ECAE /* Resources */ = {
			isa = PBXResourcesBuildPhase;
			buildActionMask = 2147483647;
			files = (
				4F2E0BD61D1C4C190079ECAE /* LaunchScreen.storyboard in Resources */,
				4F2E0BD31D1C4C190079ECAE /* Assets.xcassets in Resources */,
				4F2E0BCE1D1C4C190079ECAE /* Main.storyboard in Resources */,
			);
			runOnlyForDeploymentPostprocessing = 0;
		};
		4F2E0BDA1D1C4C190079ECAE /* Resources */ = {
			isa = PBXResourcesBuildPhase;
			buildActionMask = 2147483647;
			files = (
			);
			runOnlyForDeploymentPostprocessing = 0;
		};
		4F2E0BE51D1C4C190079ECAE /* Resources */ = {
			isa = PBXResourcesBuildPhase;
			buildActionMask = 2147483647;
			files = (
			);
			runOnlyForDeploymentPostprocessing = 0;
		};
/* End PBXResourcesBuildPhase section */

/* Begin PBXSourcesBuildPhase section */
		4F2E0BC11D1C4C190079ECAE /* Sources */ = {
			isa = PBXSourcesBuildPhase;
			buildActionMask = 2147483647;
			files = (
				4F2E0BD11D1C4C190079ECAE /* MultApp.xcdatamodeld in Sources */,
				4F2E0BCB1D1C4C190079ECAE /* ViewController.swift in Sources */,
				4F2E0BC91D1C4C190079ECAE /* AppDelegate.swift in Sources */,
			);
			runOnlyForDeploymentPostprocessing = 0;
		};
		4F2E0BD81D1C4C190079ECAE /* Sources */ = {
			isa = PBXSourcesBuildPhase;
			buildActionMask = 2147483647;
			files = (
				4F2E0BE11D1C4C190079ECAE /* MultAppTests.swift in Sources */,
			);
			runOnlyForDeploymentPostprocessing = 0;
		};
		4F2E0BE31D1C4C190079ECAE /* Sources */ = {
			isa = PBXSourcesBuildPhase;
			buildActionMask = 2147483647;
			files = (
				4F2E0BEC1D1C4C190079ECAE /* MultAppUITests.swift in Sources */,
			);
			runOnlyForDeploymentPostprocessing = 0;
		};
/* End PBXSourcesBuildPhase section */

/* Begin PBXTargetDependency section */
		4F2E0BDE1D1C4C190079ECAE /* PBXTargetDependency */ = {
			isa = PBXTargetDependency;
			target = 4F2E0BC41D1C4C190079ECAE /* MultApp */;
			targetProxy = 4F2E0BDD1D1C4C190079ECAE /* PBXContainerItemProxy */;
		};
		4F2E0BE91D1C4C190079ECAE /* PBXTargetDependency */ = {
			isa = PBXTargetDependency;
			target = 4F2E0BC41D1C4C190079ECAE /* MultApp */;
			targetProxy = 4F2E0BE81D1C4C190079ECAE /* PBXContainerItemProxy */;
		};
/* End PBXTargetDependency section */

/* Begin PBXVariantGroup section */
		4F2E0BCC1D1C4C190079ECAE /* Main.storyboard */ = {
			isa = PBXVariantGroup;
			children = (
				4F2E0BCD1D1C4C190079ECAE /* Base */,
			);
			name = Main.storyboard;
			sourceTree = "<group>";
		};
		4F2E0BD41D1C4C190079ECAE /* LaunchScreen.storyboard */ = {
			isa = PBXVariantGroup;
			children = (
				4F2E0BD51D1C4C190079ECAE /* Base */,
			);
			name = LaunchScreen.storyboard;
			sourceTree = "<group>";
		};
/* End PBXVariantGroup section */

/* Begin XCBuildConfiguration section */
		4F2E0BEE1D1C4C190079ECAE /* Debug */ = {
			isa = XCBuildConfiguration;
			buildSettings = {
				ALWAYS_SEARCH_USER_PATHS = NO;
				CLANG_ANALYZER_NONNULL = YES;
				CLANG_CXX_LANGUAGE_STANDARD = "gnu++0x";
				CLANG_CXX_LIBRARY = "libc++";
				CLANG_ENABLE_MODULES = YES;
				CLANG_ENABLE_OBJC_ARC = YES;
				CLANG_WARN_BOOL_CONVERSION = YES;
				CLANG_WARN_CONSTANT_CONVERSION = YES;
				CLANG_WARN_DIRECT_OBJC_ISA_USAGE = YES_ERROR;
				CLANG_WARN_EMPTY_BODY = YES;
				CLANG_WARN_ENUM_CONVERSION = YES;
				CLANG_WARN_INT_CONVERSION = YES;
				CLANG_WARN_OBJC_ROOT_CLASS = YES_ERROR;
				CLANG_WARN_UNREACHABLE_CODE = YES;
				CLANG_WARN__DUPLICATE_METHOD_MATCH = YES;
				"CODE_SIGN_IDENTITY[sdk=iphoneos*]" = "iPhone Developer";
				COPY_PHASE_STRIP = NO;
				DEBUG_INFORMATION_FORMAT = dwarf;
				ENABLE_STRICT_OBJC_MSGSEND = YES;
				ENABLE_TESTABILITY = YES;
				GCC_C_LANGUAGE_STANDARD = gnu99;
				GCC_DYNAMIC_NO_PIC = NO;
				GCC_NO_COMMON_BLOCKS = YES;
				GCC_OPTIMIZATION_LEVEL = 0;
				GCC_PREPROCESSOR_DEFINITIONS = (
					"DEBUG=1",
					"$(inherited)",
				);
				GCC_WARN_64_TO_32_BIT_CONVERSION = YES;
				GCC_WARN_ABOUT_RETURN_TYPE = YES_ERROR;
				GCC_WARN_UNDECLARED_SELECTOR = YES;
				GCC_WARN_UNINITIALIZED_AUTOS = YES_AGGRESSIVE;
				GCC_WARN_UNUSED_FUNCTION = YES;
				GCC_WARN_UNUSED_VARIABLE = YES;
				IPHONEOS_DEPLOYMENT_TARGET = 9.3;
				MTL_ENABLE_DEBUG_INFO = YES;
				ONLY_ACTIVE_ARCH = YES;
				SDKROOT = iphoneos;
				SWIFT_OPTIMIZATION_LEVEL = "-Onone";
				TARGETED_DEVICE_FAMILY = "1,2";
			};
			name = Debug;
		};
		4F2E0BEF1D1C4C190079ECAE /* Release */ = {
			isa = XCBuildConfiguration;
			buildSettings = {
				ALWAYS_SEARCH_USER_PATHS = NO;
				CLANG_ANALYZER_NONNULL = YES;
				CLANG_CXX_LANGUAGE_STANDARD = "gnu++0x";
				CLANG_CXX_LIBRARY = "libc++";
				CLANG_ENABLE_MODULES = YES;
				CLANG_ENABLE_OBJC_ARC = YES;
				CLANG_WARN_BOOL_CONVERSION = YES;
				CLANG_WARN_CONSTANT_CONVERSION = YES;
				CLANG_WARN_DIRECT_OBJC_ISA_USAGE = YES_ERROR;
				CLANG_WARN_EMPTY_BODY = YES;
				CLANG_WARN_ENUM_CONVERSION = YES;
				CLANG_WARN_INT_CONVERSION = YES;
				CLANG_WARN_OBJC_ROOT_CLASS = YES_ERROR;
				CLANG_WARN_UNREACHABLE_CODE = YES;
				CLANG_WARN__DUPLICATE_METHOD_MATCH = YES;
				"CODE_SIGN_IDENTITY[sdk=iphoneos*]" = "iPhone Developer";
				COPY_PHASE_STRIP = NO;
				DEBUG_INFORMATION_FORMAT = "dwarf-with-dsym";
				ENABLE_NS_ASSERTIONS = NO;
				ENABLE_STRICT_OBJC_MSGSEND = YES;
				GCC_C_LANGUAGE_STANDARD = gnu99;
				GCC_NO_COMMON_BLOCKS = YES;
				GCC_WARN_64_TO_32_BIT_CONVERSION = YES;
				GCC_WARN_ABOUT_RETURN_TYPE = YES_ERROR;
				GCC_WARN_UNDECLARED_SELECTOR = YES;
				GCC_WARN_UNINITIALIZED_AUTOS = YES_AGGRESSIVE;
				GCC_WARN_UNUSED_FUNCTION = YES;
				GCC_WARN_UNUSED_VARIABLE = YES;
				IPHONEOS_DEPLOYMENT_TARGET = 9.3;
				MTL_ENABLE_DEBUG_INFO = NO;
				SDKROOT = iphoneos;
				TARGETED_DEVICE_FAMILY = "1,2";
				VALIDATE_PRODUCT = YES;
			};
			name = Release;
		};
		4F2E0BF11D1C4C190079ECAE /* Debug */ = {
			isa = XCBuildConfiguration;
			buildSettings = {
				ASSETCATALOG_COMPILER_APPICON_NAME = AppIcon;
				INFOPLIST_FILE = MultApp/Info.plist;
				LD_RUNPATH_SEARCH_PATHS = "$(inherited) @executable_path/Frameworks";
				PRODUCT_BUNDLE_IDENTIFIER = "Paul-DeFilippi.MultApp";
				PRODUCT_NAME = "$(TARGET_NAME)";
			};
			name = Debug;
		};
		4F2E0BF21D1C4C190079ECAE /* Release */ = {
			isa = XCBuildConfiguration;
			buildSettings = {
				ASSETCATALOG_COMPILER_APPICON_NAME = AppIcon;
				INFOPLIST_FILE = MultApp/Info.plist;
				LD_RUNPATH_SEARCH_PATHS = "$(inherited) @executable_path/Frameworks";
				PRODUCT_BUNDLE_IDENTIFIER = "Paul-DeFilippi.MultApp";
				PRODUCT_NAME = "$(TARGET_NAME)";
			};
			name = Release;
		};
		4F2E0BF41D1C4C190079ECAE /* Debug */ = {
			isa = XCBuildConfiguration;
			buildSettings = {
				BUNDLE_LOADER = "$(TEST_HOST)";
				INFOPLIST_FILE = MultAppTests/Info.plist;
				LD_RUNPATH_SEARCH_PATHS = "$(inherited) @executable_path/Frameworks @loader_path/Frameworks";
				PRODUCT_BUNDLE_IDENTIFIER = "Paul-DeFilippi.MultAppTests";
				PRODUCT_NAME = "$(TARGET_NAME)";
				TEST_HOST = "$(BUILT_PRODUCTS_DIR)/MultApp.app/MultApp";
			};
			name = Debug;
		};
		4F2E0BF51D1C4C190079ECAE /* Release */ = {
			isa = XCBuildConfiguration;
			buildSettings = {
				BUNDLE_LOADER = "$(TEST_HOST)";
				INFOPLIST_FILE = MultAppTests/Info.plist;
				LD_RUNPATH_SEARCH_PATHS = "$(inherited) @executable_path/Frameworks @loader_path/Frameworks";
				PRODUCT_BUNDLE_IDENTIFIER = "Paul-DeFilippi.MultAppTests";
				PRODUCT_NAME = "$(TARGET_NAME)";
				TEST_HOST = "$(BUILT_PRODUCTS_DIR)/MultApp.app/MultApp";
			};
			name = Release;
		};
		4F2E0BF71D1C4C190079ECAE /* Debug */ = {
			isa = XCBuildConfiguration;
			buildSettings = {
				INFOPLIST_FILE = MultAppUITests/Info.plist;
				LD_RUNPATH_SEARCH_PATHS = "$(inherited) @executable_path/Frameworks @loader_path/Frameworks";
				PRODUCT_BUNDLE_IDENTIFIER = "Paul-DeFilippi.MultAppUITests";
				PRODUCT_NAME = "$(TARGET_NAME)";
				TEST_TARGET_NAME = MultApp;
			};
			name = Debug;
		};
		4F2E0BF81D1C4C190079ECAE /* Release */ = {
			isa = XCBuildConfiguration;
			buildSettings = {
				INFOPLIST_FILE = MultAppUITests/Info.plist;
				LD_RUNPATH_SEARCH_PATHS = "$(inherited) @executable_path/Frameworks @loader_path/Frameworks";
				PRODUCT_BUNDLE_IDENTIFIER = "Paul-DeFilippi.MultAppUITests";
				PRODUCT_NAME = "$(TARGET_NAME)";
				TEST_TARGET_NAME = MultApp;
			};
			name = Release;
		};
/* End XCBuildConfiguration section */

/* Begin XCConfigurationList section */
		4F2E0BC01D1C4C190079ECAE /* Build configuration list for PBXProject "MultApp" */ = {
			isa = XCConfigurationList;
			buildConfigurations = (
				4F2E0BEE1D1C4C190079ECAE /* Debug */,
				4F2E0BEF1D1C4C190079ECAE /* Release */,
			);
			defaultConfigurationIsVisible = 0;
			defaultConfigurationName = Release;
		};
		4F2E0BF01D1C4C190079ECAE /* Build configuration list for PBXNativeTarget "MultApp" */ = {
			isa = XCConfigurationList;
			buildConfigurations = (
				4F2E0BF11D1C4C190079ECAE /* Debug */,
				4F2E0BF21D1C4C190079ECAE /* Release */,
			);
			defaultConfigurationIsVisible = 0;
		};
		4F2E0BF31D1C4C190079ECAE /* Build configuration list for PBXNativeTarget "MultAppTests" */ = {
			isa = XCConfigurationList;
			buildConfigurations = (
				4F2E0BF41D1C4C190079ECAE /* Debug */,
				4F2E0BF51D1C4C190079ECAE /* Release */,
			);
			defaultConfigurationIsVisible = 0;
		};
		4F2E0BF61D1C4C190079ECAE /* Build configuration list for PBXNativeTarget "MultAppUITests" */ = {
			isa = XCConfigurationList;
			buildConfigurations = (
				4F2E0BF71D1C4C190079ECAE /* Debug */,
				4F2E0BF81D1C4C190079ECAE /* Release */,
			);
			defaultConfigurationIsVisible = 0;
		};
/* End XCConfigurationList section */

/* Begin XCVersionGroup section */
		4F2E0BCF1D1C4C190079ECAE /* MultApp.xcdatamodeld */ = {
			isa = XCVersionGroup;
			children = (
				4F2E0BD01D1C4C190079ECAE /* MultApp.xcdatamodel */,
			);
			currentVersion = 4F2E0BD01D1C4C190079ECAE /* MultApp.xcdatamodel */;
			path = MultApp.xcdatamodeld;
			sourceTree = "<group>";
			versionGroupType = wrapper.xcdatamodel;
		};
/* End XCVersionGroup section */
	};
	rootObject = 4F2E0BBD1D1C4C190079ECAE /* Project object */;
}
